
Microsoft Visual Studio Solution File, Format Version 12.00
# Visual Studio Version 17
VisualStudioVersion = 17.10.35122.118
MinimumVisualStudioVersion = 10.0.40219.1
Project("{FAE04EC0-301F-11D3-BF4B-00C04F79EFBC}") = "Servicios", "Servicios\Servicios.csproj", "{AA061DCA-496D-49D0-A1C5-B4F3ACCF7141}"
EndProject
Global
	GlobalSection(SolutionConfigurationPlatforms) = preSolution
		Debug|Any CPU = Debug|Any CPU
		Release|Any CPU = Release|Any CPU
	EndGlobalSection
	GlobalSection(ProjectConfigurationPlatforms) = postSolution
		{AA061DCA-496D-49D0-A1C5-B4F3ACCF7141}.Debug|Any CPU.ActiveCfg = Debug|Any CPU
		{AA061DCA-496D-49D0-A1C5-B4F3ACCF7141}.Debug|Any CPU.Build.0 = Debug|Any CPU
		{AA061DCA-496D-49D0-A1C5-B4F3ACCF7141}.Release|Any CPU.ActiveCfg = Release|Any CPU
		{AA061DCA-496D-49D0-A1C5-B4F3ACCF7141}.Release|Any CPU.Build.0 = Release|Any CPU
	EndGlobalSection
	GlobalSection(SolutionProperties) = preSolution
		HideSolutionNode = FALSE
	EndGlobalSection
	GlobalSection(ExtensibilityGlobals) = postSolution
		SolutionGuid = {3868B96C-21C4-4E38-8B3C-354EA7F6DD85}
	EndGlobalSection
EndGlobal
