
Microsoft Visual Studio Solution File, Format Version 12.00
# Visual Studio Version 17
VisualStudioVersion = 17.11.35327.3
MinimumVisualStudioVersion = 10.0.40219.1
Project("{FAE04EC0-301F-11D3-BF4B-00C04F79EFBC}") = "ConsumirServicioRest", "ConsumirServicioRest\ConsumirServicioRest.csproj", "{44842BF6-2890-4620-920A-29A4C30CDCA4}"
EndProject
Global
	GlobalSection(SolutionConfigurationPlatforms) = preSolution
		Debug|Any CPU = Debug|Any CPU
		Release|Any CPU = Release|Any CPU
	EndGlobalSection
	GlobalSection(ProjectConfigurationPlatforms) = postSolution
		{44842BF6-2890-4620-920A-29A4C30CDCA4}.Debug|Any CPU.ActiveCfg = Debug|Any CPU
		{44842BF6-2890-4620-920A-29A4C30CDCA4}.Debug|Any CPU.Build.0 = Debug|Any CPU
		{44842BF6-2890-4620-920A-29A4C30CDCA4}.Release|Any CPU.ActiveCfg = Release|Any CPU
		{44842BF6-2890-4620-920A-29A4C30CDCA4}.Release|Any CPU.Build.0 = Release|Any CPU
	EndGlobalSection
	GlobalSection(SolutionProperties) = preSolution
		HideSolutionNode = FALSE
	EndGlobalSection
	GlobalSection(ExtensibilityGlobals) = postSolution
		SolutionGuid = {7916066F-A20F-442D-B6AB-84F94308E197}
	EndGlobalSection
EndGlobal
